// !$*UTF8*$!
{
	archiveVersion = 1;
	classes = {
	};
	objectVersion = 50;
	objects = {

/* Begin PBXBuildFile section */
		2604499BB45BCAA84B5369DA /* Pods_Chat.framework in Frameworks */ = {isa = PBXBuildFile; fileRef = 8C78564F0595B4FE7F0B6490 /* Pods_Chat.framework */; };
		8F0F02C12118480F00FE49A2 /* ChatApi.swift in Sources */ = {isa = PBXBuildFile; fileRef = 8F0F02C02118480F00FE49A2 /* ChatApi.swift */; };
		8F0F02C521184DC200FE49A2 /* UserModel.swift in Sources */ = {isa = PBXBuildFile; fileRef = 8F0F02C421184DC200FE49A2 /* UserModel.swift */; };
		8F0F02C821184EC700FE49A2 /* JsonTemplate.swift in Sources */ = {isa = PBXBuildFile; fileRef = 8F0F02C721184EC700FE49A2 /* JsonTemplate.swift */; };
		8F6F870A2107052A005803EF /* AppDelegate.swift in Sources */ = {isa = PBXBuildFile; fileRef = 8F6F87092107052A005803EF /* AppDelegate.swift */; };
		8F6F870F2107052A005803EF /* Main.storyboard in Resources */ = {isa = PBXBuildFile; fileRef = 8F6F870D2107052A005803EF /* Main.storyboard */; };
		8F6F87112107052B005803EF /* Assets.xcassets in Resources */ = {isa = PBXBuildFile; fileRef = 8F6F87102107052B005803EF /* Assets.xcassets */; };
		8F6F87142107052B005803EF /* LaunchScreen.storyboard in Resources */ = {isa = PBXBuildFile; fileRef = 8F6F87122107052B005803EF /* LaunchScreen.storyboard */; };
		8F882E72210AF3A0002C34EB /* MessageTableController.swift in Sources */ = {isa = PBXBuildFile; fileRef = 8F882E71210AF3A0002C34EB /* MessageTableController.swift */; };
		8F882E74210AF8F9002C34EB /* ChatRoomController.swift in Sources */ = {isa = PBXBuildFile; fileRef = 8F882E73210AF8F9002C34EB /* ChatRoomController.swift */; };
		8FDF8458210B59C200AB3388 /* toolModel.swift in Sources */ = {isa = PBXBuildFile; fileRef = 8FDF8457210B59C200AB3388 /* toolModel.swift */; };
		8FDF845B210B64E500AB3388 /* SendCell.swift in Sources */ = {isa = PBXBuildFile; fileRef = 8FDF8459210B64E500AB3388 /* SendCell.swift */; };
		8FDF845C210B64E500AB3388 /* ReadCell.swift in Sources */ = {isa = PBXBuildFile; fileRef = 8FDF845A210B64E500AB3388 /* ReadCell.swift */; };
		8FF84114210EF98200EE0B5C /* Load.storyboard in Resources */ = {isa = PBXBuildFile; fileRef = 8FF84113210EF98200EE0B5C /* Load.storyboard */; };
		8FF84116210F0B2100EE0B5C /* LoadController.swift in Sources */ = {isa = PBXBuildFile; fileRef = 8FF84115210F0B2100EE0B5C /* LoadController.swift */; };
/* End PBXBuildFile section */

/* Begin PBXFileReference section */
		47CEA145C48900A289F59556 /* Pods-Chat.debug.xcconfig */ = {isa = PBXFileReference; includeInIndex = 1; lastKnownFileType = text.xcconfig; name = "Pods-Chat.debug.xcconfig"; path = "Pods/Target Support Files/Pods-Chat/Pods-Chat.debug.xcconfig"; sourceTree = "<group>"; };
		8C78564F0595B4FE7F0B6490 /* Pods_Chat.framework */ = {isa = PBXFileReference; explicitFileType = wrapper.framework; includeInIndex = 0; path = Pods_Chat.framework; sourceTree = BUILT_PRODUCTS_DIR; };
		8F0F02C02118480F00FE49A2 /* ChatApi.swift */ = {isa = PBXFileReference; lastKnownFileType = sourcecode.swift; path = ChatApi.swift; sourceTree = "<group>"; };
		8F0F02C421184DC200FE49A2 /* UserModel.swift */ = {isa = PBXFileReference; lastKnownFileType = sourcecode.swift; path = UserModel.swift; sourceTree = "<group>"; };
		8F0F02C721184EC700FE49A2 /* JsonTemplate.swift */ = {isa = PBXFileReference; lastKnownFileType = sourcecode.swift; path = JsonTemplate.swift; sourceTree = "<group>"; };
		8F6F87062107052A005803EF /* Chat.app */ = {isa = PBXFileReference; explicitFileType = wrapper.application; includeInIndex = 0; path = Chat.app; sourceTree = BUILT_PRODUCTS_DIR; };
		8F6F87092107052A005803EF /* AppDelegate.swift */ = {isa = PBXFileReference; lastKnownFileType = sourcecode.swift; path = AppDelegate.swift; sourceTree = "<group>"; };
		8F6F870E2107052A005803EF /* Base */ = {isa = PBXFileReference; lastKnownFileType = file.storyboard; name = Base; path = Base.lproj/Main.storyboard; sourceTree = "<group>"; };
		8F6F87102107052B005803EF /* Assets.xcassets */ = {isa = PBXFileReference; lastKnownFileType = folder.assetcatalog; path = Assets.xcassets; sourceTree = "<group>"; };
		8F6F87132107052B005803EF /* Base */ = {isa = PBXFileReference; lastKnownFileType = file.storyboard; name = Base; path = Base.lproj/LaunchScreen.storyboard; sourceTree = "<group>"; };
		8F6F87152107052B005803EF /* Info.plist */ = {isa = PBXFileReference; lastKnownFileType = text.plist.xml; path = Info.plist; sourceTree = "<group>"; };
		8F882E71210AF3A0002C34EB /* MessageTableController.swift */ = {isa = PBXFileReference; lastKnownFileType = sourcecode.swift; path = MessageTableController.swift; sourceTree = "<group>"; };
		8F882E73210AF8F9002C34EB /* ChatRoomController.swift */ = {isa = PBXFileReference; lastKnownFileType = sourcecode.swift; path = ChatRoomController.swift; sourceTree = "<group>"; };
		8FDF8457210B59C200AB3388 /* toolModel.swift */ = {isa = PBXFileReference; lastKnownFileType = sourcecode.swift; path = toolModel.swift; sourceTree = "<group>"; };
		8FDF8459210B64E500AB3388 /* SendCell.swift */ = {isa = PBXFileReference; fileEncoding = 4; lastKnownFileType = sourcecode.swift; path = SendCell.swift; sourceTree = "<group>"; };
		8FDF845A210B64E500AB3388 /* ReadCell.swift */ = {isa = PBXFileReference; fileEncoding = 4; lastKnownFileType = sourcecode.swift; path = ReadCell.swift; sourceTree = "<group>"; };
		8FF84113210EF98200EE0B5C /* Load.storyboard */ = {isa = PBXFileReference; lastKnownFileType = file.storyboard; path = Load.storyboard; sourceTree = "<group>"; };
		8FF84115210F0B2100EE0B5C /* LoadController.swift */ = {isa = PBXFileReference; lastKnownFileType = sourcecode.swift; path = LoadController.swift; sourceTree = "<group>"; };
		F8E193AE1F5D8168E9513AAC /* Pods-Chat.release.xcconfig */ = {isa = PBXFileReference; includeInIndex = 1; lastKnownFileType = text.xcconfig; name = "Pods-Chat.release.xcconfig"; path = "Pods/Target Support Files/Pods-Chat/Pods-Chat.release.xcconfig"; sourceTree = "<group>"; };
/* End PBXFileReference section */

/* Begin PBXFrameworksBuildPhase section */
		8F6F87032107052A005803EF /* Frameworks */ = {
			isa = PBXFrameworksBuildPhase;
			buildActionMask = 2147483647;
			files = (
				2604499BB45BCAA84B5369DA /* Pods_Chat.framework in Frameworks */,
			);
			runOnlyForDeploymentPostprocessing = 0;
		};
/* End PBXFrameworksBuildPhase section */

/* Begin PBXGroup section */
		5B46949F8ED5F8664A3DF614 /* Pods */ = {
			isa = PBXGroup;
			children = (
				47CEA145C48900A289F59556 /* Pods-Chat.debug.xcconfig */,
				F8E193AE1F5D8168E9513AAC /* Pods-Chat.release.xcconfig */,
			);
			name = Pods;
			sourceTree = "<group>";
		};
		8F0F02BF211847FB00FE49A2 /* Api */ = {
			isa = PBXGroup;
			children = (
				8F0F02C02118480F00FE49A2 /* ChatApi.swift */,
			);
			path = Api;
			sourceTree = "<group>";
		};
		8F0F02C321184DAF00FE49A2 /* model */ = {
			isa = PBXGroup;
			children = (
				8F0F02C421184DC200FE49A2 /* UserModel.swift */,
				8FDF8457210B59C200AB3388 /* toolModel.swift */,
				8F0F02C721184EC700FE49A2 /* JsonTemplate.swift */,
			);
			path = model;
			sourceTree = "<group>";
		};
		8F0F02C621184E6600FE49A2 /* controller */ = {
			isa = PBXGroup;
			children = (
				8F882E71210AF3A0002C34EB /* MessageTableController.swift */,
				8F882E73210AF8F9002C34EB /* ChatRoomController.swift */,
				8FF84115210F0B2100EE0B5C /* LoadController.swift */,
			);
			path = controller;
			sourceTree = "<group>";
		};
		8F6F86FD2107052A005803EF = {
			isa = PBXGroup;
			children = (
				8F6F87082107052A005803EF /* Chat */,
				8F6F87072107052A005803EF /* Products */,
				5B46949F8ED5F8664A3DF614 /* Pods */,
				92FA20BFB781166647B175D0 /* Frameworks */,
			);
			sourceTree = "<group>";
		};
		8F6F87072107052A005803EF /* Products */ = {
			isa = PBXGroup;
			children = (
				8F6F87062107052A005803EF /* Chat.app */,
			);
			name = Products;
			sourceTree = "<group>";
		};
		8F6F87082107052A005803EF /* Chat */ = {
			isa = PBXGroup;
			children = (
				8F0F02BF211847FB00FE49A2 /* Api */,
				8F0F02C321184DAF00FE49A2 /* model */,
				8F0F02C621184E6600FE49A2 /* controller */,
				8F6F87092107052A005803EF /* AppDelegate.swift */,
				8FDF845A210B64E500AB3388 /* ReadCell.swift */,
				8FDF8459210B64E500AB3388 /* SendCell.swift */,
				8F6F870D2107052A005803EF /* Main.storyboard */,
				8FF84113210EF98200EE0B5C /* Load.storyboard */,
				8F6F87102107052B005803EF /* Assets.xcassets */,
				8F6F87122107052B005803EF /* LaunchScreen.storyboard */,
				8F6F87152107052B005803EF /* Info.plist */,
			);
			path = Chat;
			sourceTree = "<group>";
		};
		92FA20BFB781166647B175D0 /* Frameworks */ = {
			isa = PBXGroup;
			children = (
				8C78564F0595B4FE7F0B6490 /* Pods_Chat.framework */,
			);
			name = Frameworks;
			sourceTree = "<group>";
		};
/* End PBXGroup section */

/* Begin PBXNativeTarget section */
		8F6F87052107052A005803EF /* Chat */ = {
			isa = PBXNativeTarget;
			buildConfigurationList = 8F6F87182107052B005803EF /* Build configuration list for PBXNativeTarget "Chat" */;
			buildPhases = (
				CF42EC89B38FAA52DDF497F0 /* [CP] Check Pods Manifest.lock */,
				8F6F87022107052A005803EF /* Sources */,
				8F6F87032107052A005803EF /* Frameworks */,
				8F6F87042107052A005803EF /* Resources */,
				FD3389C89D55ABDC269261E0 /* [CP] Embed Pods Frameworks */,
			);
			buildRules = (
			);
			dependencies = (
			);
			name = Chat;
			productName = Chat;
			productReference = 8F6F87062107052A005803EF /* Chat.app */;
			productType = "com.apple.product-type.application";
		};
/* End PBXNativeTarget section */

/* Begin PBXProject section */
		8F6F86FE2107052A005803EF /* Project object */ = {
			isa = PBXProject;
			attributes = {
				LastSwiftUpdateCheck = 0940;
				LastUpgradeCheck = 0940;
				ORGANIZATIONNAME = "籍孟飞";
				TargetAttributes = {
					8F6F87052107052A005803EF = {
						CreatedOnToolsVersion = 9.4.1;
					};
				};
			};
			buildConfigurationList = 8F6F87012107052A005803EF /* Build configuration list for PBXProject "Chat" */;
			compatibilityVersion = "Xcode 9.3";
			developmentRegion = en;
			hasScannedForEncodings = 0;
			knownRegions = (
				en,
				Base,
			);
			mainGroup = 8F6F86FD2107052A005803EF;
			productRefGroup = 8F6F87072107052A005803EF /* Products */;
			projectDirPath = "";
			projectRoot = "";
			targets = (
				8F6F87052107052A005803EF /* Chat */,
			);
		};
/* End PBXProject section */

/* Begin PBXResourcesBuildPhase section */
		8F6F87042107052A005803EF /* Resources */ = {
			isa = PBXResourcesBuildPhase;
			buildActionMask = 2147483647;
			files = (
				8F6F87142107052B005803EF /* LaunchScreen.storyboard in Resources */,
				8F6F87112107052B005803EF /* Assets.xcassets in Resources */,
				8FF84114210EF98200EE0B5C /* Load.storyboard in Resources */,
				8F6F870F2107052A005803EF /* Main.storyboard in Resources */,
			);
			runOnlyForDeploymentPostprocessing = 0;
		};
/* End PBXResourcesBuildPhase section */

/* Begin PBXShellScriptBuildPhase section */
		CF42EC89B38FAA52DDF497F0 /* [CP] Check Pods Manifest.lock */ = {
			isa = PBXShellScriptBuildPhase;
			buildActionMask = 2147483647;
			files = (
			);
			inputPaths = (
				"${PODS_PODFILE_DIR_PATH}/Podfile.lock",
				"${PODS_ROOT}/Manifest.lock",
			);
			name = "[CP] Check Pods Manifest.lock";
			outputPaths = (
				"$(DERIVED_FILE_DIR)/Pods-Chat-checkManifestLockResult.txt",
			);
			runOnlyForDeploymentPostprocessing = 0;
			shellPath = /bin/sh;
			shellScript = "diff \"${PODS_PODFILE_DIR_PATH}/Podfile.lock\" \"${PODS_ROOT}/Manifest.lock\" > /dev/null\nif [ $? != 0 ] ; then\n    # print error to STDERR\n    echo \"error: The sandbox is not in sync with the Podfile.lock. Run 'pod install' or update your CocoaPods installation.\" >&2\n    exit 1\nfi\n# This output is used by Xcode 'outputs' to avoid re-running this script phase.\necho \"SUCCESS\" > \"${SCRIPT_OUTPUT_FILE_0}\"\n";
			showEnvVarsInLog = 0;
		};
		FD3389C89D55ABDC269261E0 /* [CP] Embed Pods Frameworks */ = {
			isa = PBXShellScriptBuildPhase;
			buildActionMask = 2147483647;
			files = (
			);
			inputPaths = (
				"${SRCROOT}/Pods/Target Support Files/Pods-Chat/Pods-Chat-frameworks.sh",
				"${BUILT_PRODUCTS_DIR}/Alamofire/Alamofire.framework",
				"${BUILT_PRODUCTS_DIR}/Moya/Moya.framework",
				"${BUILT_PRODUCTS_DIR}/Result/Result.framework",
				"${BUILT_PRODUCTS_DIR}/Starscream/Starscream.framework",
			);
			name = "[CP] Embed Pods Frameworks";
			outputPaths = (
				"${TARGET_BUILD_DIR}/${FRAMEWORKS_FOLDER_PATH}/Alamofire.framework",
				"${TARGET_BUILD_DIR}/${FRAMEWORKS_FOLDER_PATH}/Moya.framework",
				"${TARGET_BUILD_DIR}/${FRAMEWORKS_FOLDER_PATH}/Result.framework",
				"${TARGET_BUILD_DIR}/${FRAMEWORKS_FOLDER_PATH}/Starscream.framework",
			);
			runOnlyForDeploymentPostprocessing = 0;
			shellPath = /bin/sh;
			shellScript = "\"${SRCROOT}/Pods/Target Support Files/Pods-Chat/Pods-Chat-frameworks.sh\"\n";
			showEnvVarsInLog = 0;
		};
/* End PBXShellScriptBuildPhase section */

/* Begin PBXSourcesBuildPhase section */
		8F6F87022107052A005803EF /* Sources */ = {
			isa = PBXSourcesBuildPhase;
			buildActionMask = 2147483647;
			files = (
				8F882E74210AF8F9002C34EB /* ChatRoomController.swift in Sources */,
				8FDF8458210B59C200AB3388 /* toolModel.swift in Sources */,
				8F0F02C12118480F00FE49A2 /* ChatApi.swift in Sources */,
				8F882E72210AF3A0002C34EB /* MessageTableController.swift in Sources */,
				8FF84116210F0B2100EE0B5C /* LoadController.swift in Sources */,
				8F6F870A2107052A005803EF /* AppDelegate.swift in Sources */,
				8FDF845B210B64E500AB3388 /* SendCell.swift in Sources */,
				8F0F02C521184DC200FE49A2 /* UserModel.swift in Sources */,
				8FDF845C210B64E500AB3388 /* ReadCell.swift in Sources */,
				8F0F02C821184EC700FE49A2 /* JsonTemplate.swift in Sources */,
			);
			runOnlyForDeploymentPostprocessing = 0;
		};
/* End PBXSourcesBuildPhase section */

/* Begin PBXVariantGroup section */
		8F6F870D2107052A005803EF /* Main.storyboard */ = {
			isa = PBXVariantGroup;
			children = (
				8F6F870E2107052A005803EF /* Base */,
			);
			name = Main.storyboard;
			sourceTree = "<group>";
		};
		8F6F87122107052B005803EF /* LaunchScreen.storyboard */ = {
			isa = PBXVariantGroup;
			children = (
				8F6F87132107052B005803EF /* Base */,
			);
			name = LaunchScreen.storyboard;
			sourceTree = "<group>";
		};
/* End PBXVariantGroup section */

/* Begin XCBuildConfiguration section */
		8F6F87162107052B005803EF /* Debug */ = {
			isa = XCBuildConfiguration;
			buildSettings = {
				ALWAYS_SEARCH_USER_PATHS = NO;
				CLANG_ANALYZER_NONNULL = YES;
				CLANG_ANALYZER_NUMBER_OBJECT_CONVERSION = YES_AGGRESSIVE;
				CLANG_CXX_LANGUAGE_STANDARD = "gnu++14";
				CLANG_CXX_LIBRARY = "libc++";
				CLANG_ENABLE_MODULES = YES;
				CLANG_ENABLE_OBJC_ARC = YES;
				CLANG_ENABLE_OBJC_WEAK = YES;
				CLANG_WARN_BLOCK_CAPTURE_AUTORELEASING = YES;
				CLANG_WARN_BOOL_CONVERSION = YES;
				CLANG_WARN_COMMA = YES;
				CLANG_WARN_CONSTANT_CONVERSION = YES;
				CLANG_WARN_DEPRECATED_OBJC_IMPLEMENTATIONS = YES;
				CLANG_WARN_DIRECT_OBJC_ISA_USAGE = YES_ERROR;
				CLANG_WARN_DOCUMENTATION_COMMENTS = YES;
				CLANG_WARN_EMPTY_BODY = YES;
				CLANG_WARN_ENUM_CONVERSION = YES;
				CLANG_WARN_INFINITE_RECURSION = YES;
				CLANG_WARN_INT_CONVERSION = YES;
				CLANG_WARN_NON_LITERAL_NULL_CONVERSION = YES;
				CLANG_WARN_OBJC_IMPLICIT_RETAIN_SELF = YES;
				CLANG_WARN_OBJC_LITERAL_CONVERSION = YES;
				CLANG_WARN_OBJC_ROOT_CLASS = YES_ERROR;
				CLANG_WARN_RANGE_LOOP_ANALYSIS = YES;
				CLANG_WARN_STRICT_PROTOTYPES = YES;
				CLANG_WARN_SUSPICIOUS_MOVE = YES;
				CLANG_WARN_UNGUARDED_AVAILABILITY = YES_AGGRESSIVE;
				CLANG_WARN_UNREACHABLE_CODE = YES;
				CLANG_WARN__DUPLICATE_METHOD_MATCH = YES;
				CODE_SIGN_IDENTITY = "iPhone Developer";
				COPY_PHASE_STRIP = NO;
				DEBUG_INFORMATION_FORMAT = dwarf;
				ENABLE_STRICT_OBJC_MSGSEND = YES;
				ENABLE_TESTABILITY = YES;
				GCC_C_LANGUAGE_STANDARD = gnu11;
				GCC_DYNAMIC_NO_PIC = NO;
				GCC_NO_COMMON_BLOCKS = YES;
				GCC_OPTIMIZATION_LEVEL = 0;
				GCC_PREPROCESSOR_DEFINITIONS = (
					"DEBUG=1",
					"$(inherited)",
				);
				GCC_WARN_64_TO_32_BIT_CONVERSION = YES;
				GCC_WARN_ABOUT_RETURN_TYPE = YES_ERROR;
				GCC_WARN_UNDECLARED_SELECTOR = YES;
				GCC_WARN_UNINITIALIZED_AUTOS = YES_AGGRESSIVE;
				GCC_WARN_UNUSED_FUNCTION = YES;
				GCC_WARN_UNUSED_VARIABLE = YES;
				IPHONEOS_DEPLOYMENT_TARGET = 11.4;
				MTL_ENABLE_DEBUG_INFO = YES;
				ONLY_ACTIVE_ARCH = YES;
				SDKROOT = iphoneos;
				SWIFT_ACTIVE_COMPILATION_CONDITIONS = DEBUG;
				SWIFT_OPTIMIZATION_LEVEL = "-Onone";
			};
			name = Debug;
		};
		8F6F87172107052B005803EF /* Release */ = {
			isa = XCBuildConfiguration;
			buildSettings = {
				ALWAYS_SEARCH_USER_PATHS = NO;
				CLANG_ANALYZER_NONNULL = YES;
				CLANG_ANALYZER_NUMBER_OBJECT_CONVERSION = YES_AGGRESSIVE;
				CLANG_CXX_LANGUAGE_STANDARD = "gnu++14";
				CLANG_CXX_LIBRARY = "libc++";
				CLANG_ENABLE_MODULES = YES;
				CLANG_ENABLE_OBJC_ARC = YES;
				CLANG_ENABLE_OBJC_WEAK = YES;
				CLANG_WARN_BLOCK_CAPTURE_AUTORELEASING = YES;
				CLANG_WARN_BOOL_CONVERSION = YES;
				CLANG_WARN_COMMA = YES;
				CLANG_WARN_CONSTANT_CONVERSION = YES;
				CLANG_WARN_DEPRECATED_OBJC_IMPLEMENTATIONS = YES;
				CLANG_WARN_DIRECT_OBJC_ISA_USAGE = YES_ERROR;
				CLANG_WARN_DOCUMENTATION_COMMENTS = YES;
				CLANG_WARN_EMPTY_BODY = YES;
				CLANG_WARN_ENUM_CONVERSION = YES;
				CLANG_WARN_INFINITE_RECURSION = YES;
				CLANG_WARN_INT_CONVERSION = YES;
				CLANG_WARN_NON_LITERAL_NULL_CONVERSION = YES;
				CLANG_WARN_OBJC_IMPLICIT_RETAIN_SELF = YES;
				CLANG_WARN_OBJC_LITERAL_CONVERSION = YES;
				CLANG_WARN_OBJC_ROOT_CLASS = YES_ERROR;
				CLANG_WARN_RANGE_LOOP_ANALYSIS = YES;
				CLANG_WARN_STRICT_PROTOTYPES = YES;
				CLANG_WARN_SUSPICIOUS_MOVE = YES;
				CLANG_WARN_UNGUARDED_AVAILABILITY = YES_AGGRESSIVE;
				CLANG_WARN_UNREACHABLE_CODE = YES;
				CLANG_WARN__DUPLICATE_METHOD_MATCH = YES;
				CODE_SIGN_IDENTITY = "iPhone Developer";
				COPY_PHASE_STRIP = NO;
				DEBUG_INFORMATION_FORMAT = "dwarf-with-dsym";
				ENABLE_NS_ASSERTIONS = NO;
				ENABLE_STRICT_OBJC_MSGSEND = YES;
				GCC_C_LANGUAGE_STANDARD = gnu11;
				GCC_NO_COMMON_BLOCKS = YES;
				GCC_WARN_64_TO_32_BIT_CONVERSION = YES;
				GCC_WARN_ABOUT_RETURN_TYPE = YES_ERROR;
				GCC_WARN_UNDECLARED_SELECTOR = YES;
				GCC_WARN_UNINITIALIZED_AUTOS = YES_AGGRESSIVE;
				GCC_WARN_UNUSED_FUNCTION = YES;
				GCC_WARN_UNUSED_VARIABLE = YES;
				IPHONEOS_DEPLOYMENT_TARGET = 11.4;
				MTL_ENABLE_DEBUG_INFO = NO;
				SDKROOT = iphoneos;
				SWIFT_COMPILATION_MODE = wholemodule;
				SWIFT_OPTIMIZATION_LEVEL = "-O";
				VALIDATE_PRODUCT = YES;
			};
			name = Release;
		};
		8F6F87192107052B005803EF /* Debug */ = {
			isa = XCBuildConfiguration;
			baseConfigurationReference = 47CEA145C48900A289F59556 /* Pods-Chat.debug.xcconfig */;
			buildSettings = {
				ASSETCATALOG_COMPILER_APPICON_NAME = AppIcon;
				CODE_SIGN_STYLE = Automatic;
				INFOPLIST_FILE = Chat/Info.plist;
				IPHONEOS_DEPLOYMENT_TARGET = 10.0;
				LD_RUNPATH_SEARCH_PATHS = (
					"$(inherited)",
					"@executable_path/Frameworks",
				);
				OTHER_SWIFT_FLAGS = "$(inherited) \"-D\" \"COCOAPODS\" -DDEBUG";
				PRODUCT_BUNDLE_IDENTIFIER = www.sxw.com.Chat;
				PRODUCT_NAME = "$(TARGET_NAME)";
				SWIFT_VERSION = 4.0;
				TARGETED_DEVICE_FAMILY = 1;
			};
			name = Debug;
		};
		8F6F871A2107052B005803EF /* Release */ = {
			isa = XCBuildConfiguration;
			baseConfigurationReference = F8E193AE1F5D8168E9513AAC /* Pods-Chat.release.xcconfig */;
			buildSettings = {
				ASSETCATALOG_COMPILER_APPICON_NAME = AppIcon;
				CODE_SIGN_STYLE = Automatic;
				INFOPLIST_FILE = Chat/Info.plist;
				IPHONEOS_DEPLOYMENT_TARGET = 10.0;
				LD_RUNPATH_SEARCH_PATHS = (
					"$(inherited)",
					"@executable_path/Frameworks",
				);
				PRODUCT_BUNDLE_IDENTIFIER = www.sxw.com.Chat;
				PRODUCT_NAME = "$(TARGET_NAME)";
				SWIFT_VERSION = 4.0;
				TARGETED_DEVICE_FAMILY = 1;
			};
			name = Release;
		};
/* End XCBuildConfiguration section */

/* Begin XCConfigurationList section */
		8F6F87012107052A005803EF /* Build configuration list for PBXProject "Chat" */ = {
			isa = XCConfigurationList;
			buildConfigurations = (
				8F6F87162107052B005803EF /* Debug */,
				8F6F87172107052B005803EF /* Release */,
			);
			defaultConfigurationIsVisible = 0;
			defaultConfigurationName = Release;
		};
		8F6F87182107052B005803EF /* Build configuration list for PBXNativeTarget "Chat" */ = {
			isa = XCConfigurationList;
			buildConfigurations = (
				8F6F87192107052B005803EF /* Debug */,
				8F6F871A2107052B005803EF /* Release */,
			);
			defaultConfigurationIsVisible = 0;
			defaultConfigurationName = Release;
		};
/* End XCConfigurationList section */
	};
	rootObject = 8F6F86FE2107052A005803EF /* Project object */;
}
